
Microsoft Visual Studio Solution File, Format Version 12.00
# Visual Studio Version 16
VisualStudioVersion = 16.0.31624.102
MinimumVisualStudioVersion = 10.0.40219.1
Project("{FAE04EC0-301F-11D3-BF4B-00C04F79EFBC}") = "U2_Topicos_paletadeColores", "U2_Topicos_paletadeColores\U2_Topicos_paletadeColores.csproj", "{F9717C62-2E7B-4CB7-A7FD-C44B1F6CC121}"
EndProject
Global
	GlobalSection(SolutionConfigurationPlatforms) = preSolution
		Debug|Any CPU = Debug|Any CPU
		Release|Any CPU = Release|Any CPU
	EndGlobalSection
	GlobalSection(ProjectConfigurationPlatforms) = postSolution
		{F9717C62-2E7B-4CB7-A7FD-C44B1F6CC121}.Debug|Any CPU.ActiveCfg = Debug|Any CPU
		{F9717C62-2E7B-4CB7-A7FD-C44B1F6CC121}.Debug|Any CPU.Build.0 = Debug|Any CPU
		{F9717C62-2E7B-4CB7-A7FD-C44B1F6CC121}.Release|Any CPU.ActiveCfg = Release|Any CPU
		{F9717C62-2E7B-4CB7-A7FD-C44B1F6CC121}.Release|Any CPU.Build.0 = Release|Any CPU
	EndGlobalSection
	GlobalSection(SolutionProperties) = preSolution
		HideSolutionNode = FALSE
	EndGlobalSection
	GlobalSection(ExtensibilityGlobals) = postSolution
		SolutionGuid = {011BC0D9-59DC-4396-A893-BB7059F8AF82}
	EndGlobalSection
EndGlobal
