
Microsoft Visual Studio Solution File, Format Version 12.00
# Visual Studio Version 16
VisualStudioVersion = 16.0.31624.102
MinimumVisualStudioVersion = 10.0.40219.1
Project("{FAE04EC0-301F-11D3-BF4B-00C04F79EFBC}") = "U2_Topicos_ProbandoPaletadeColores", "U2_Topicos_ProbandoPaletadeColores\U2_Topicos_ProbandoPaletadeColores.csproj", "{29A42CE2-5241-4585-84E7-95359DC7FD09}"
EndProject
Global
	GlobalSection(SolutionConfigurationPlatforms) = preSolution
		Debug|Any CPU = Debug|Any CPU
		Release|Any CPU = Release|Any CPU
	EndGlobalSection
	GlobalSection(ProjectConfigurationPlatforms) = postSolution
		{29A42CE2-5241-4585-84E7-95359DC7FD09}.Debug|Any CPU.ActiveCfg = Debug|Any CPU
		{29A42CE2-5241-4585-84E7-95359DC7FD09}.Debug|Any CPU.Build.0 = Debug|Any CPU
		{29A42CE2-5241-4585-84E7-95359DC7FD09}.Release|Any CPU.ActiveCfg = Release|Any CPU
		{29A42CE2-5241-4585-84E7-95359DC7FD09}.Release|Any CPU.Build.0 = Release|Any CPU
	EndGlobalSection
	GlobalSection(SolutionProperties) = preSolution
		HideSolutionNode = FALSE
	EndGlobalSection
	GlobalSection(ExtensibilityGlobals) = postSolution
		SolutionGuid = {B52E4F26-B7EE-4855-9602-1597511F14E9}
	EndGlobalSection
EndGlobal
