
Microsoft Visual Studio Solution File, Format Version 12.00
# Visual Studio Version 16
VisualStudioVersion = 16.0.31624.102
MinimumVisualStudioVersion = 10.0.40219.1
Project("{FAE04EC0-301F-11D3-BF4B-00C04F79EFBC}") = "U1_Topicos_introduccionVariables", "U1_Topicos_introduccionVariables\U1_Topicos_introduccionVariables.csproj", "{34FF9A60-6D54-4FBE-8D86-CDCE31D95942}"
EndProject
Global
	GlobalSection(SolutionConfigurationPlatforms) = preSolution
		Debug|Any CPU = Debug|Any CPU
		Release|Any CPU = Release|Any CPU
	EndGlobalSection
	GlobalSection(ProjectConfigurationPlatforms) = postSolution
		{34FF9A60-6D54-4FBE-8D86-CDCE31D95942}.Debug|Any CPU.ActiveCfg = Debug|Any CPU
		{34FF9A60-6D54-4FBE-8D86-CDCE31D95942}.Debug|Any CPU.Build.0 = Debug|Any CPU
		{34FF9A60-6D54-4FBE-8D86-CDCE31D95942}.Release|Any CPU.ActiveCfg = Release|Any CPU
		{34FF9A60-6D54-4FBE-8D86-CDCE31D95942}.Release|Any CPU.Build.0 = Release|Any CPU
	EndGlobalSection
	GlobalSection(SolutionProperties) = preSolution
		HideSolutionNode = FALSE
	EndGlobalSection
	GlobalSection(ExtensibilityGlobals) = postSolution
		SolutionGuid = {21D735CC-5D65-4F2B-9CAF-43E87D01D425}
	EndGlobalSection
EndGlobal
