
Microsoft Visual Studio Solution File, Format Version 12.00
# Visual Studio Version 16
VisualStudioVersion = 16.0.31624.102
MinimumVisualStudioVersion = 10.0.40219.1
Project("{FAE04EC0-301F-11D3-BF4B-00C04F79EFBC}") = "U2_Topicos_Tarea1_Componente", "U2_Topicos_Tarea1_Componente\U2_Topicos_Tarea1_Componente.csproj", "{B9E1E736-81DA-40AB-AC36-9B06541C28CE}"
EndProject
Global
	GlobalSection(SolutionConfigurationPlatforms) = preSolution
		Debug|Any CPU = Debug|Any CPU
		Release|Any CPU = Release|Any CPU
	EndGlobalSection
	GlobalSection(ProjectConfigurationPlatforms) = postSolution
		{B9E1E736-81DA-40AB-AC36-9B06541C28CE}.Debug|Any CPU.ActiveCfg = Debug|Any CPU
		{B9E1E736-81DA-40AB-AC36-9B06541C28CE}.Debug|Any CPU.Build.0 = Debug|Any CPU
		{B9E1E736-81DA-40AB-AC36-9B06541C28CE}.Release|Any CPU.ActiveCfg = Release|Any CPU
		{B9E1E736-81DA-40AB-AC36-9B06541C28CE}.Release|Any CPU.Build.0 = Release|Any CPU
	EndGlobalSection
	GlobalSection(SolutionProperties) = preSolution
		HideSolutionNode = FALSE
	EndGlobalSection
	GlobalSection(ExtensibilityGlobals) = postSolution
		SolutionGuid = {A7E6B67A-5FB8-48F3-9C19-67D1B8FB1171}
	EndGlobalSection
EndGlobal
