
Microsoft Visual Studio Solution File, Format Version 12.00
# Visual Studio Version 16
VisualStudioVersion = 16.0.31624.102
MinimumVisualStudioVersion = 10.0.40219.1
Project("{FAE04EC0-301F-11D3-BF4B-00C04F79EFBC}") = "U1_Topicos_CajaRegistradora", "U1_Topicos_CajaRegistradora\U1_Topicos_CajaRegistradora.csproj", "{82D5084B-70D2-4278-AD80-0CEA5BA12DEC}"
EndProject
Global
	GlobalSection(SolutionConfigurationPlatforms) = preSolution
		Debug|Any CPU = Debug|Any CPU
		Release|Any CPU = Release|Any CPU
	EndGlobalSection
	GlobalSection(ProjectConfigurationPlatforms) = postSolution
		{82D5084B-70D2-4278-AD80-0CEA5BA12DEC}.Debug|Any CPU.ActiveCfg = Debug|Any CPU
		{82D5084B-70D2-4278-AD80-0CEA5BA12DEC}.Debug|Any CPU.Build.0 = Debug|Any CPU
		{82D5084B-70D2-4278-AD80-0CEA5BA12DEC}.Release|Any CPU.ActiveCfg = Release|Any CPU
		{82D5084B-70D2-4278-AD80-0CEA5BA12DEC}.Release|Any CPU.Build.0 = Release|Any CPU
	EndGlobalSection
	GlobalSection(SolutionProperties) = preSolution
		HideSolutionNode = FALSE
	EndGlobalSection
	GlobalSection(ExtensibilityGlobals) = postSolution
		SolutionGuid = {C0BD2362-1251-48A0-8B54-C2BB9795C0B6}
	EndGlobalSection
EndGlobal
