
Microsoft Visual Studio Solution File, Format Version 12.00
# Visual Studio Version 16
VisualStudioVersion = 16.0.31624.102
MinimumVisualStudioVersion = 10.0.40219.1
Project("{FAE04EC0-301F-11D3-BF4B-00C04F79EFBC}") = "U2_Topicos_Probando_Librerias2", "U2_Topicos_Probando_Librerias2\U2_Topicos_Probando_Librerias2.csproj", "{783CB7AD-F104-46D6-B1D3-A98C9B5A504A}"
EndProject
Global
	GlobalSection(SolutionConfigurationPlatforms) = preSolution
		Debug|Any CPU = Debug|Any CPU
		Release|Any CPU = Release|Any CPU
	EndGlobalSection
	GlobalSection(ProjectConfigurationPlatforms) = postSolution
		{783CB7AD-F104-46D6-B1D3-A98C9B5A504A}.Debug|Any CPU.ActiveCfg = Debug|Any CPU
		{783CB7AD-F104-46D6-B1D3-A98C9B5A504A}.Debug|Any CPU.Build.0 = Debug|Any CPU
		{783CB7AD-F104-46D6-B1D3-A98C9B5A504A}.Release|Any CPU.ActiveCfg = Release|Any CPU
		{783CB7AD-F104-46D6-B1D3-A98C9B5A504A}.Release|Any CPU.Build.0 = Release|Any CPU
	EndGlobalSection
	GlobalSection(SolutionProperties) = preSolution
		HideSolutionNode = FALSE
	EndGlobalSection
	GlobalSection(ExtensibilityGlobals) = postSolution
		SolutionGuid = {D67022CB-A7BF-429E-AD83-FF104D338491}
	EndGlobalSection
EndGlobal
