
Microsoft Visual Studio Solution File, Format Version 12.00
# Visual Studio Version 16
VisualStudioVersion = 16.0.31624.102
MinimumVisualStudioVersion = 10.0.40219.1
Project("{FAE04EC0-301F-11D3-BF4B-00C04F79EFBC}") = "U0_Topicos_Caliz", "U0_Topicos_Caliz\U0_Topicos_Caliz.csproj", "{1577EF15-6F23-4D54-ACE6-8884500EA709}"
EndProject
Global
	GlobalSection(SolutionConfigurationPlatforms) = preSolution
		Debug|Any CPU = Debug|Any CPU
		Release|Any CPU = Release|Any CPU
	EndGlobalSection
	GlobalSection(ProjectConfigurationPlatforms) = postSolution
		{1577EF15-6F23-4D54-ACE6-8884500EA709}.Debug|Any CPU.ActiveCfg = Debug|Any CPU
		{1577EF15-6F23-4D54-ACE6-8884500EA709}.Debug|Any CPU.Build.0 = Debug|Any CPU
		{1577EF15-6F23-4D54-ACE6-8884500EA709}.Release|Any CPU.ActiveCfg = Release|Any CPU
		{1577EF15-6F23-4D54-ACE6-8884500EA709}.Release|Any CPU.Build.0 = Release|Any CPU
	EndGlobalSection
	GlobalSection(SolutionProperties) = preSolution
		HideSolutionNode = FALSE
	EndGlobalSection
	GlobalSection(ExtensibilityGlobals) = postSolution
		SolutionGuid = {6A3EB754-C5FB-4D6A-9138-B545FB965535}
	EndGlobalSection
EndGlobal
