
Microsoft Visual Studio Solution File, Format Version 12.00
# Visual Studio Version 16
VisualStudioVersion = 16.0.31624.102
MinimumVisualStudioVersion = 10.0.40219.1
Project("{FAE04EC0-301F-11D3-BF4B-00C04F79EFBC}") = "U1_Topicos_puntodeVenta", "U1_Topicos_puntodeVenta\U1_Topicos_puntodeVenta.csproj", "{4D3540AA-2F57-4A70-BEA8-D1CE8E99125A}"
EndProject
Global
	GlobalSection(SolutionConfigurationPlatforms) = preSolution
		Debug|Any CPU = Debug|Any CPU
		Release|Any CPU = Release|Any CPU
	EndGlobalSection
	GlobalSection(ProjectConfigurationPlatforms) = postSolution
		{4D3540AA-2F57-4A70-BEA8-D1CE8E99125A}.Debug|Any CPU.ActiveCfg = Debug|Any CPU
		{4D3540AA-2F57-4A70-BEA8-D1CE8E99125A}.Debug|Any CPU.Build.0 = Debug|Any CPU
		{4D3540AA-2F57-4A70-BEA8-D1CE8E99125A}.Release|Any CPU.ActiveCfg = Release|Any CPU
		{4D3540AA-2F57-4A70-BEA8-D1CE8E99125A}.Release|Any CPU.Build.0 = Release|Any CPU
	EndGlobalSection
	GlobalSection(SolutionProperties) = preSolution
		HideSolutionNode = FALSE
	EndGlobalSection
	GlobalSection(ExtensibilityGlobals) = postSolution
		SolutionGuid = {0AF0BF92-2AA7-4501-BFE1-9B5C6E843C69}
	EndGlobalSection
EndGlobal
