
Microsoft Visual Studio Solution File, Format Version 12.00
# Visual Studio Version 16
VisualStudioVersion = 16.0.31624.102
MinimumVisualStudioVersion = 10.0.40219.1
Project("{FAE04EC0-301F-11D3-BF4B-00C04F79EFBC}") = "U3_EXAMEN_PASTELERIA", "U3_EXAMEN_PASTELERIA\U3_EXAMEN_PASTELERIA.csproj", "{50EEB51D-529D-492F-A1E1-D883B3463B19}"
EndProject
Global
	GlobalSection(SolutionConfigurationPlatforms) = preSolution
		Debug|Any CPU = Debug|Any CPU
		Release|Any CPU = Release|Any CPU
	EndGlobalSection
	GlobalSection(ProjectConfigurationPlatforms) = postSolution
		{50EEB51D-529D-492F-A1E1-D883B3463B19}.Debug|Any CPU.ActiveCfg = Debug|Any CPU
		{50EEB51D-529D-492F-A1E1-D883B3463B19}.Debug|Any CPU.Build.0 = Debug|Any CPU
		{50EEB51D-529D-492F-A1E1-D883B3463B19}.Release|Any CPU.ActiveCfg = Release|Any CPU
		{50EEB51D-529D-492F-A1E1-D883B3463B19}.Release|Any CPU.Build.0 = Release|Any CPU
	EndGlobalSection
	GlobalSection(SolutionProperties) = preSolution
		HideSolutionNode = FALSE
	EndGlobalSection
	GlobalSection(ExtensibilityGlobals) = postSolution
		SolutionGuid = {5D16C451-84D1-4A08-A0BC-0F4DAF39C048}
	EndGlobalSection
EndGlobal
